// !$*UTF8*$!
{
	archiveVersion = 1;
	classes = {
	};
	objectVersion = 46;
	objects = {

/* Begin PBXBuildFile section */
		5BD9D3C41C68175D007E4572 /* AppDelegate.swift in Sources */ = {isa = PBXBuildFile; fileRef = 5BD9D3C31C68175D007E4572 /* AppDelegate.swift */; };
		5BD9D3C61C68175D007E4572 /* ViewController.swift in Sources */ = {isa = PBXBuildFile; fileRef = 5BD9D3C51C68175D007E4572 /* ViewController.swift */; };
		5BD9D3C91C68175D007E4572 /* Main.storyboard in Resources */ = {isa = PBXBuildFile; fileRef = 5BD9D3C71C68175D007E4572 /* Main.storyboard */; };
		5BD9D3CB1C68175D007E4572 /* Assets.xcassets in Resources */ = {isa = PBXBuildFile; fileRef = 5BD9D3CA1C68175D007E4572 /* Assets.xcassets */; };
		5BD9D3CE1C68175D007E4572 /* LaunchScreen.storyboard in Resources */ = {isa = PBXBuildFile; fileRef = 5BD9D3CC1C68175D007E4572 /* LaunchScreen.storyboard */; };
		5BD9D3D91C68175D007E4572 /* Juego_de_MemoriaTests.swift in Sources */ = {isa = PBXBuildFile; fileRef = 5BD9D3D81C68175D007E4572 /* Juego_de_MemoriaTests.swift */; };
		5BD9D3E41C68175D007E4572 /* Juego_de_MemoriaUITests.swift in Sources */ = {isa = PBXBuildFile; fileRef = 5BD9D3E31C68175D007E4572 /* Juego_de_MemoriaUITests.swift */; };
/* End PBXBuildFile section */

/* Begin PBXContainerItemProxy section */
		5BD9D3D51C68175D007E4572 /* PBXContainerItemProxy */ = {
			isa = PBXContainerItemProxy;
			containerPortal = 5BD9D3B81C68175D007E4572 /* Project object */;
			proxyType = 1;
			remoteGlobalIDString = 5BD9D3BF1C68175D007E4572;
			remoteInfo = "Juego de Memoria";
		};
		5BD9D3E01C68175D007E4572 /* PBXContainerItemProxy */ = {
			isa = PBXContainerItemProxy;
			containerPortal = 5BD9D3B81C68175D007E4572 /* Project object */;
			proxyType = 1;
			remoteGlobalIDString = 5BD9D3BF1C68175D007E4572;
			remoteInfo = "Juego de Memoria";
		};
/* End PBXContainerItemProxy section */

/* Begin PBXFileReference section */
		5BD9D3C01C68175D007E4572 /* Juego de Memoria.app */ = {isa = PBXFileReference; explicitFileType = wrapper.application; includeInIndex = 0; path = "Juego de Memoria.app"; sourceTree = BUILT_PRODUCTS_DIR; };
		5BD9D3C31C68175D007E4572 /* AppDelegate.swift */ = {isa = PBXFileReference; lastKnownFileType = sourcecode.swift; path = AppDelegate.swift; sourceTree = "<group>"; };
		5BD9D3C51C68175D007E4572 /* ViewController.swift */ = {isa = PBXFileReference; lastKnownFileType = sourcecode.swift; path = ViewController.swift; sourceTree = "<group>"; };
		5BD9D3C81C68175D007E4572 /* Base */ = {isa = PBXFileReference; lastKnownFileType = file.storyboard; name = Base; path = Base.lproj/Main.storyboard; sourceTree = "<group>"; };
		5BD9D3CA1C68175D007E4572 /* Assets.xcassets */ = {isa = PBXFileReference; lastKnownFileType = folder.assetcatalog; path = Assets.xcassets; sourceTree = "<group>"; };
		5BD9D3CD1C68175D007E4572 /* Base */ = {isa = PBXFileReference; lastKnownFileType = file.storyboard; name = Base; path = Base.lproj/LaunchScreen.storyboard; sourceTree = "<group>"; };
		5BD9D3CF1C68175D007E4572 /* Info.plist */ = {isa = PBXFileReference; lastKnownFileType = text.plist.xml; path = Info.plist; sourceTree = "<group>"; };
		5BD9D3D41C68175D007E4572 /* Juego de MemoriaTests.xctest */ = {isa = PBXFileReference; explicitFileType = wrapper.cfbundle; includeInIndex = 0; path = "Juego de MemoriaTests.xctest"; sourceTree = BUILT_PRODUCTS_DIR; };
		5BD9D3D81C68175D007E4572 /* Juego_de_MemoriaTests.swift */ = {isa = PBXFileReference; lastKnownFileType = sourcecode.swift; path = Juego_de_MemoriaTests.swift; sourceTree = "<group>"; };
		5BD9D3DA1C68175D007E4572 /* Info.plist */ = {isa = PBXFileReference; lastKnownFileType = text.plist.xml; path = Info.plist; sourceTree = "<group>"; };
		5BD9D3DF1C68175D007E4572 /* Juego de MemoriaUITests.xctest */ = {isa = PBXFileReference; explicitFileType = wrapper.cfbundle; includeInIndex = 0; path = "Juego de MemoriaUITests.xctest"; sourceTree = BUILT_PRODUCTS_DIR; };
		5BD9D3E31C68175D007E4572 /* Juego_de_MemoriaUITests.swift */ = {isa = PBXFileReference; lastKnownFileType = sourcecode.swift; path = Juego_de_MemoriaUITests.swift; sourceTree = "<group>"; };
		5BD9D3E51C68175D007E4572 /* Info.plist */ = {isa = PBXFileReference; lastKnownFileType = text.plist.xml; path = Info.plist; sourceTree = "<group>"; };
		5BD9D3F31C682F2F007E4572 /* Juego de Memoria.playground */ = {isa = PBXFileReference; lastKnownFileType = file.playground; name = "Juego de Memoria.playground"; path = "../Juego de Memoria.playground"; sourceTree = "<group>"; };
/* End PBXFileReference section */

/* Begin PBXFrameworksBuildPhase section */
		5BD9D3BD1C68175D007E4572 /* Frameworks */ = {
			isa = PBXFrameworksBuildPhase;
			buildActionMask = 2147483647;
			files = (
			);
			runOnlyForDeploymentPostprocessing = 0;
		};
		5BD9D3D11C68175D007E4572 /* Frameworks */ = {
			isa = PBXFrameworksBuildPhase;
			buildActionMask = 2147483647;
			files = (
			);
			runOnlyForDeploymentPostprocessing = 0;
		};
		5BD9D3DC1C68175D007E4572 /* Frameworks */ = {
			isa = PBXFrameworksBuildPhase;
			buildActionMask = 2147483647;
			files = (
			);
			runOnlyForDeploymentPostprocessing = 0;
		};
/* End PBXFrameworksBuildPhase section */

/* Begin PBXGroup section */
		5BD9D3B71C68175D007E4572 = {
			isa = PBXGroup;
			children = (
				5BD9D3F31C682F2F007E4572 /* Juego de Memoria.playground */,
				5BD9D3C21C68175D007E4572 /* Juego de Memoria */,
				5BD9D3D71C68175D007E4572 /* Juego de MemoriaTests */,
				5BD9D3E21C68175D007E4572 /* Juego de MemoriaUITests */,
				5BD9D3C11C68175D007E4572 /* Products */,
			);
			sourceTree = "<group>";
		};
		5BD9D3C11C68175D007E4572 /* Products */ = {
			isa = PBXGroup;
			children = (
				5BD9D3C01C68175D007E4572 /* Juego de Memoria.app */,
				5BD9D3D41C68175D007E4572 /* Juego de MemoriaTests.xctest */,
				5BD9D3DF1C68175D007E4572 /* Juego de MemoriaUITests.xctest */,
			);
			name = Products;
			sourceTree = "<group>";
		};
		5BD9D3C21C68175D007E4572 /* Juego de Memoria */ = {
			isa = PBXGroup;
			children = (
				5BD9D3C31C68175D007E4572 /* AppDelegate.swift */,
				5BD9D3C51C68175D007E4572 /* ViewController.swift */,
				5BD9D3C71C68175D007E4572 /* Main.storyboard */,
				5BD9D3CA1C68175D007E4572 /* Assets.xcassets */,
				5BD9D3CC1C68175D007E4572 /* LaunchScreen.storyboard */,
				5BD9D3CF1C68175D007E4572 /* Info.plist */,
			);
			path = "Juego de Memoria";
			sourceTree = "<group>";
		};
		5BD9D3D71C68175D007E4572 /* Juego de MemoriaTests */ = {
			isa = PBXGroup;
			children = (
				5BD9D3D81C68175D007E4572 /* Juego_de_MemoriaTests.swift */,
				5BD9D3DA1C68175D007E4572 /* Info.plist */,
			);
			path = "Juego de MemoriaTests";
			sourceTree = "<group>";
		};
		5BD9D3E21C68175D007E4572 /* Juego de MemoriaUITests */ = {
			isa = PBXGroup;
			children = (
				5BD9D3E31C68175D007E4572 /* Juego_de_MemoriaUITests.swift */,
				5BD9D3E51C68175D007E4572 /* Info.plist */,
			);
			path = "Juego de MemoriaUITests";
			sourceTree = "<group>";
		};
/* End PBXGroup section */

/* Begin PBXNativeTarget section */
		5BD9D3BF1C68175D007E4572 /* Juego de Memoria */ = {
			isa = PBXNativeTarget;
			buildConfigurationList = 5BD9D3E81C68175D007E4572 /* Build configuration list for PBXNativeTarget "Juego de Memoria" */;
			buildPhases = (
				5BD9D3BC1C68175D007E4572 /* Sources */,
				5BD9D3BD1C68175D007E4572 /* Frameworks */,
				5BD9D3BE1C68175D007E4572 /* Resources */,
			);
			buildRules = (
			);
			dependencies = (
			);
			name = "Juego de Memoria";
			productName = "Juego de Memoria";
			productReference = 5BD9D3C01C68175D007E4572 /* Juego de Memoria.app */;
			productType = "com.apple.product-type.application";
		};
		5BD9D3D31C68175D007E4572 /* Juego de MemoriaTests */ = {
			isa = PBXNativeTarget;
			buildConfigurationList = 5BD9D3EB1C68175D007E4572 /* Build configuration list for PBXNativeTarget "Juego de MemoriaTests" */;
			buildPhases = (
				5BD9D3D01C68175D007E4572 /* Sources */,
				5BD9D3D11C68175D007E4572 /* Frameworks */,
				5BD9D3D21C68175D007E4572 /* Resources */,
			);
			buildRules = (
			);
			dependencies = (
				5BD9D3D61C68175D007E4572 /* PBXTargetDependency */,
			);
			name = "Juego de MemoriaTests";
			productName = "Juego de MemoriaTests";
			productReference = 5BD9D3D41C68175D007E4572 /* Juego de MemoriaTests.xctest */;
			productType = "com.apple.product-type.bundle.unit-test";
		};
		5BD9D3DE1C68175D007E4572 /* Juego de MemoriaUITests */ = {
			isa = PBXNativeTarget;
			buildConfigurationList = 5BD9D3EE1C68175D007E4572 /* Build configuration list for PBXNativeTarget "Juego de MemoriaUITests" */;
			buildPhases = (
				5BD9D3DB1C68175D007E4572 /* Sources */,
				5BD9D3DC1C68175D007E4572 /* Frameworks */,
				5BD9D3DD1C68175D007E4572 /* Resources */,
			);
			buildRules = (
			);
			dependencies = (
				5BD9D3E11C68175D007E4572 /* PBXTargetDependency */,
			);
			name = "Juego de MemoriaUITests";
			productName = "Juego de MemoriaUITests";
			productReference = 5BD9D3DF1C68175D007E4572 /* Juego de MemoriaUITests.xctest */;
			productType = "com.apple.product-type.bundle.ui-testing";
		};
/* End PBXNativeTarget section */

/* Begin PBXProject section */
		5BD9D3B81C68175D007E4572 /* Project object */ = {
			isa = PBXProject;
			attributes = {
				LastSwiftUpdateCheck = 0730;
				LastUpgradeCheck = 0730;
				ORGANIZATIONNAME = "Rodrigo Rubí Delgado";
				TargetAttributes = {
					5BD9D3BF1C68175D007E4572 = {
						CreatedOnToolsVersion = 7.3;
					};
					5BD9D3D31C68175D007E4572 = {
						CreatedOnToolsVersion = 7.3;
						TestTargetID = 5BD9D3BF1C68175D007E4572;
					};
					5BD9D3DE1C68175D007E4572 = {
						CreatedOnToolsVersion = 7.3;
						TestTargetID = 5BD9D3BF1C68175D007E4572;
					};
				};
			};
			buildConfigurationList = 5BD9D3BB1C68175D007E4572 /* Build configuration list for PBXProject "Juego de Memoria" */;
			compatibilityVersion = "Xcode 3.2";
			developmentRegion = English;
			hasScannedForEncodings = 0;
			knownRegions = (
				en,
				Base,
			);
			mainGroup = 5BD9D3B71C68175D007E4572;
			productRefGroup = 5BD9D3C11C68175D007E4572 /* Products */;
			projectDirPath = "";
			projectRoot = "";
			targets = (
				5BD9D3BF1C68175D007E4572 /* Juego de Memoria */,
				5BD9D3D31C68175D007E4572 /* Juego de MemoriaTests */,
				5BD9D3DE1C68175D007E4572 /* Juego de MemoriaUITests */,
			);
		};
/* End PBXProject section */

/* Begin PBXResourcesBuildPhase section */
		5BD9D3BE1C68175D007E4572 /* Resources */ = {
			isa = PBXResourcesBuildPhase;
			buildActionMask = 2147483647;
			files = (
				5BD9D3CE1C68175D007E4572 /* LaunchScreen.storyboard in Resources */,
				5BD9D3CB1C68175D007E4572 /* Assets.xcassets in Resources */,
				5BD9D3C91C68175D007E4572 /* Main.storyboard in Resources */,
			);
			runOnlyForDeploymentPostprocessing = 0;
		};
		5BD9D3D21C68175D007E4572 /* Resources */ = {
			isa = PBXResourcesBuildPhase;
			buildActionMask = 2147483647;
			files = (
			);
			runOnlyForDeploymentPostprocessing = 0;
		};
		5BD9D3DD1C68175D007E4572 /* Resources */ = {
			isa = PBXResourcesBuildPhase;
			buildActionMask = 2147483647;
			files = (
			);
			runOnlyForDeploymentPostprocessing = 0;
		};
/* End PBXResourcesBuildPhase section */

/* Begin PBXSourcesBuildPhase section */
		5BD9D3BC1C68175D007E4572 /* Sources */ = {
			isa = PBXSourcesBuildPhase;
			buildActionMask = 2147483647;
			files = (
				5BD9D3C61C68175D007E4572 /* ViewController.swift in Sources */,
				5BD9D3C41C68175D007E4572 /* AppDelegate.swift in Sources */,
			);
			runOnlyForDeploymentPostprocessing = 0;
		};
		5BD9D3D01C68175D007E4572 /* Sources */ = {
			isa = PBXSourcesBuildPhase;
			buildActionMask = 2147483647;
			files = (
				5BD9D3D91C68175D007E4572 /* Juego_de_MemoriaTests.swift in Sources */,
			);
			runOnlyForDeploymentPostprocessing = 0;
		};
		5BD9D3DB1C68175D007E4572 /* Sources */ = {
			isa = PBXSourcesBuildPhase;
			buildActionMask = 2147483647;
			files = (
				5BD9D3E41C68175D007E4572 /* Juego_de_MemoriaUITests.swift in Sources */,
			);
			runOnlyForDeploymentPostprocessing = 0;
		};
/* End PBXSourcesBuildPhase section */

/* Begin PBXTargetDependency section */
		5BD9D3D61C68175D007E4572 /* PBXTargetDependency */ = {
			isa = PBXTargetDependency;
			target = 5BD9D3BF1C68175D007E4572 /* Juego de Memoria */;
			targetProxy = 5BD9D3D51C68175D007E4572 /* PBXContainerItemProxy */;
		};
		5BD9D3E11C68175D007E4572 /* PBXTargetDependency */ = {
			isa = PBXTargetDependency;
			target = 5BD9D3BF1C68175D007E4572 /* Juego de Memoria */;
			targetProxy = 5BD9D3E01C68175D007E4572 /* PBXContainerItemProxy */;
		};
/* End PBXTargetDependency section */

/* Begin PBXVariantGroup section */
		5BD9D3C71C68175D007E4572 /* Main.storyboard */ = {
			isa = PBXVariantGroup;
			children = (
				5BD9D3C81C68175D007E4572 /* Base */,
			);
			name = Main.storyboard;
			sourceTree = "<group>";
		};
		5BD9D3CC1C68175D007E4572 /* LaunchScreen.storyboard */ = {
			isa = PBXVariantGroup;
			children = (
				5BD9D3CD1C68175D007E4572 /* Base */,
			);
			name = LaunchScreen.storyboard;
			sourceTree = "<group>";
		};
/* End PBXVariantGroup section */

/* Begin XCBuildConfiguration section */
		5BD9D3E61C68175D007E4572 /* Debug */ = {
			isa = XCBuildConfiguration;
			buildSettings = {
				ALWAYS_SEARCH_USER_PATHS = NO;
				CLANG_CXX_LANGUAGE_STANDARD = "gnu++0x";
				CLANG_CXX_LIBRARY = "libc++";
				CLANG_ENABLE_MODULES = YES;
				CLANG_ENABLE_OBJC_ARC = YES;
				CLANG_WARN_BOOL_CONVERSION = YES;
				CLANG_WARN_CONSTANT_CONVERSION = YES;
				CLANG_WARN_DIRECT_OBJC_ISA_USAGE = YES_ERROR;
				CLANG_WARN_EMPTY_BODY = YES;
				CLANG_WARN_ENUM_CONVERSION = YES;
				CLANG_WARN_INT_CONVERSION = YES;
				CLANG_WARN_OBJC_ROOT_CLASS = YES_ERROR;
				CLANG_WARN_UNREACHABLE_CODE = YES;
				CLANG_WARN__DUPLICATE_METHOD_MATCH = YES;
				"CODE_SIGN_IDENTITY[sdk=iphoneos*]" = "iPhone Developer";
				COPY_PHASE_STRIP = NO;
				DEBUG_INFORMATION_FORMAT = dwarf;
				ENABLE_STRICT_OBJC_MSGSEND = YES;
				ENABLE_TESTABILITY = YES;
				GCC_C_LANGUAGE_STANDARD = gnu99;
				GCC_DYNAMIC_NO_PIC = NO;
				GCC_NO_COMMON_BLOCKS = YES;
				GCC_OPTIMIZATION_LEVEL = 0;
				GCC_PREPROCESSOR_DEFINITIONS = (
					"DEBUG=1",
					"$(inherited)",
				);
				GCC_WARN_64_TO_32_BIT_CONVERSION = YES;
				GCC_WARN_ABOUT_RETURN_TYPE = YES_ERROR;
				GCC_WARN_UNDECLARED_SELECTOR = YES;
				GCC_WARN_UNINITIALIZED_AUTOS = YES_AGGRESSIVE;
				GCC_WARN_UNUSED_FUNCTION = YES;
				GCC_WARN_UNUSED_VARIABLE = YES;
				IPHONEOS_DEPLOYMENT_TARGET = 9.3;
				MTL_ENABLE_DEBUG_INFO = YES;
				ONLY_ACTIVE_ARCH = YES;
				SDKROOT = iphoneos;
				SWIFT_OPTIMIZATION_LEVEL = "-Onone";
				TARGETED_DEVICE_FAMILY = "1,2";
			};
			name = Debug;
		};
		5BD9D3E71C68175D007E4572 /* Release */ = {
			isa = XCBuildConfiguration;
			buildSettings = {
				ALWAYS_SEARCH_USER_PATHS = NO;
				CLANG_CXX_LANGUAGE_STANDARD = "gnu++0x";
				CLANG_CXX_LIBRARY = "libc++";
				CLANG_ENABLE_MODULES = YES;
				CLANG_ENABLE_OBJC_ARC = YES;
				CLANG_WARN_BOOL_CONVERSION = YES;
				CLANG_WARN_CONSTANT_CONVERSION = YES;
				CLANG_WARN_DIRECT_OBJC_ISA_USAGE = YES_ERROR;
				CLANG_WARN_EMPTY_BODY = YES;
				CLANG_WARN_ENUM_CONVERSION = YES;
				CLANG_WARN_INT_CONVERSION = YES;
				CLANG_WARN_OBJC_ROOT_CLASS = YES_ERROR;
				CLANG_WARN_UNREACHABLE_CODE = YES;
				CLANG_WARN__DUPLICATE_METHOD_MATCH = YES;
				"CODE_SIGN_IDENTITY[sdk=iphoneos*]" = "iPhone Developer";
				COPY_PHASE_STRIP = NO;
				DEBUG_INFORMATION_FORMAT = "dwarf-with-dsym";
				ENABLE_NS_ASSERTIONS = NO;
				ENABLE_STRICT_OBJC_MSGSEND = YES;
				GCC_C_LANGUAGE_STANDARD = gnu99;
				GCC_NO_COMMON_BLOCKS = YES;
				GCC_WARN_64_TO_32_BIT_CONVERSION = YES;
				GCC_WARN_ABOUT_RETURN_TYPE = YES_ERROR;
				GCC_WARN_UNDECLARED_SELECTOR = YES;
				GCC_WARN_UNINITIALIZED_AUTOS = YES_AGGRESSIVE;
				GCC_WARN_UNUSED_FUNCTION = YES;
				GCC_WARN_UNUSED_VARIABLE = YES;
				IPHONEOS_DEPLOYMENT_TARGET = 9.3;
				MTL_ENABLE_DEBUG_INFO = NO;
				SDKROOT = iphoneos;
				TARGETED_DEVICE_FAMILY = "1,2";
				VALIDATE_PRODUCT = YES;
			};
			name = Release;
		};
		5BD9D3E91C68175D007E4572 /* Debug */ = {
			isa = XCBuildConfiguration;
			buildSettings = {
				ASSETCATALOG_COMPILER_APPICON_NAME = AppIcon;
				INFOPLIST_FILE = "Juego de Memoria/Info.plist";
				LD_RUNPATH_SEARCH_PATHS = "$(inherited) @executable_path/Frameworks";
				PRODUCT_BUNDLE_IDENTIFIER = "RRD.Juego-de-Memoria";
				PRODUCT_NAME = "$(TARGET_NAME)";
			};
			name = Debug;
		};
		5BD9D3EA1C68175D007E4572 /* Release */ = {
			isa = XCBuildConfiguration;
			buildSettings = {
				ASSETCATALOG_COMPILER_APPICON_NAME = AppIcon;
				INFOPLIST_FILE = "Juego de Memoria/Info.plist";
				LD_RUNPATH_SEARCH_PATHS = "$(inherited) @executable_path/Frameworks";
				PRODUCT_BUNDLE_IDENTIFIER = "RRD.Juego-de-Memoria";
				PRODUCT_NAME = "$(TARGET_NAME)";
			};
			name = Release;
		};
		5BD9D3EC1C68175D007E4572 /* Debug */ = {
			isa = XCBuildConfiguration;
			buildSettings = {
				BUNDLE_LOADER = "$(TEST_HOST)";
				INFOPLIST_FILE = "Juego de MemoriaTests/Info.plist";
				LD_RUNPATH_SEARCH_PATHS = "$(inherited) @executable_path/Frameworks @loader_path/Frameworks";
				PRODUCT_BUNDLE_IDENTIFIER = "RRD.Juego-de-MemoriaTests";
				PRODUCT_NAME = "$(TARGET_NAME)";
				TEST_HOST = "$(BUILT_PRODUCTS_DIR)/Juego de Memoria.app/Juego de Memoria";
			};
			name = Debug;
		};
		5BD9D3ED1C68175D007E4572 /* Release */ = {
			isa = XCBuildConfiguration;
			buildSettings = {
				BUNDLE_LOADER = "$(TEST_HOST)";
				INFOPLIST_FILE = "Juego de MemoriaTests/Info.plist";
				LD_RUNPATH_SEARCH_PATHS = "$(inherited) @executable_path/Frameworks @loader_path/Frameworks";
				PRODUCT_BUNDLE_IDENTIFIER = "RRD.Juego-de-MemoriaTests";
				PRODUCT_NAME = "$(TARGET_NAME)";
				TEST_HOST = "$(BUILT_PRODUCTS_DIR)/Juego de Memoria.app/Juego de Memoria";
			};
			name = Release;
		};
		5BD9D3EF1C68175D007E4572 /* Debug */ = {
			isa = XCBuildConfiguration;
			buildSettings = {
				INFOPLIST_FILE = "Juego de MemoriaUITests/Info.plist";
				LD_RUNPATH_SEARCH_PATHS = "$(inherited) @executable_path/Frameworks @loader_path/Frameworks";
				PRODUCT_BUNDLE_IDENTIFIER = "RRD.Juego-de-MemoriaUITests";
				PRODUCT_NAME = "$(TARGET_NAME)";
				TEST_TARGET_NAME = "Juego de Memoria";
			};
			name = Debug;
		};
		5BD9D3F01C68175D007E4572 /* Release */ = {
			isa = XCBuildConfiguration;
			buildSettings = {
				INFOPLIST_FILE = "Juego de MemoriaUITests/Info.plist";
				LD_RUNPATH_SEARCH_PATHS = "$(inherited) @executable_path/Frameworks @loader_path/Frameworks";
				PRODUCT_BUNDLE_IDENTIFIER = "RRD.Juego-de-MemoriaUITests";
				PRODUCT_NAME = "$(TARGET_NAME)";
				TEST_TARGET_NAME = "Juego de Memoria";
			};
			name = Release;
		};
/* End XCBuildConfiguration section */

/* Begin XCConfigurationList section */
		5BD9D3BB1C68175D007E4572 /* Build configuration list for PBXProject "Juego de Memoria" */ = {
			isa = XCConfigurationList;
			buildConfigurations = (
				5BD9D3E61C68175D007E4572 /* Debug */,
				5BD9D3E71C68175D007E4572 /* Release */,
			);
			defaultConfigurationIsVisible = 0;
			defaultConfigurationName = Release;
		};
		5BD9D3E81C68175D007E4572 /* Build configuration list for PBXNativeTarget "Juego de Memoria" */ = {
			isa = XCConfigurationList;
			buildConfigurations = (
				5BD9D3E91C68175D007E4572 /* Debug */,
				5BD9D3EA1C68175D007E4572 /* Release */,
			);
			defaultConfigurationIsVisible = 0;
			defaultConfigurationName = Release;
		};
		5BD9D3EB1C68175D007E4572 /* Build configuration list for PBXNativeTarget "Juego de MemoriaTests" */ = {
			isa = XCConfigurationList;
			buildConfigurations = (
				5BD9D3EC1C68175D007E4572 /* Debug */,
				5BD9D3ED1C68175D007E4572 /* Release */,
			);
			defaultConfigurationIsVisible = 0;
			defaultConfigurationName = Release;
		};
		5BD9D3EE1C68175D007E4572 /* Build configuration list for PBXNativeTarget "Juego de MemoriaUITests" */ = {
			isa = XCConfigurationList;
			buildConfigurations = (
				5BD9D3EF1C68175D007E4572 /* Debug */,
				5BD9D3F01C68175D007E4572 /* Release */,
			);
			defaultConfigurationIsVisible = 0;
			defaultConfigurationName = Release;
		};
/* End XCConfigurationList section */
	};
	rootObject = 5BD9D3B81C68175D007E4572 /* Project object */;
}
